
Microsoft Visual Studio Solution File, Format Version 12.00
# Visual Studio 2015
Project("{FAE04EC0-301F-11D3-BF4B-00C04F79EFBC}") = "Sin.CSharp", "Sin.CSharp.csproj", "{5CA5725A-6B45-4C94-366A-95B4CE6F2108}"
EndProject
Global
	GlobalSection(SolutionConfigurationPlatforms) = preSolution
		Debug|Any CPU = Debug|Any CPU
		Release|Any CPU = Release|Any CPU
	EndGlobalSection
	GlobalSection(ProjectConfigurationPlatforms) = postSolution
		{5CA5725A-6B45-4C94-366A-95B4CE6F2108}.Debug|Any CPU.ActiveCfg = Debug|Any CPU
		{5CA5725A-6B45-4C94-366A-95B4CE6F2108}.Debug|Any CPU.Build.0 = Debug|Any CPU
		{5CA5725A-6B45-4C94-366A-95B4CE6F2108}.Release|Any CPU.ActiveCfg = Release|Any CPU
		{5CA5725A-6B45-4C94-366A-95B4CE6F2108}.Release|Any CPU.Build.0 = Release|Any CPU
	EndGlobalSection
	GlobalSection(SolutionProperties) = preSolution
		HideSolutionNode = FALSE
	EndGlobalSection
EndGlobal
